
Microsoft Visual Studio Solution File, Format Version 12.00
# Visual Studio 15
VisualStudioVersion = 15.0.26127.3
MinimumVisualStudioVersion = 10.0.40219.1
Project("{FAE04EC0-301F-11D3-BF4B-00C04F79EFBC}") = "PowershellModuleInCSharp", "PowershellModuleInCSharp\PowershellModuleInCSharp.csproj", "{C827C3BB-D3BD-49C4-8FF7-15AB9ED35981}"
EndProject
Project("{F5034706-568F-408A-B7B3-4D38C6DB8A32}") = "MyModule", "MyModule\MyModule.pssproj", "{6CAFC0C6-A428-4D30-A9F9-700E829FEA51}"
EndProject
Global
	GlobalSection(SolutionConfigurationPlatforms) = preSolution
		Debug|Any CPU = Debug|Any CPU
		Debug|x64 = Debug|x64
		Debug|x86 = Debug|x86
		Release|Any CPU = Release|Any CPU
		Release|x64 = Release|x64
		Release|x86 = Release|x86
	EndGlobalSection
	GlobalSection(ProjectConfigurationPlatforms) = postSolution
		{C827C3BB-D3BD-49C4-8FF7-15AB9ED35981}.Debug|Any CPU.ActiveCfg = Debug|Any CPU
		{C827C3BB-D3BD-49C4-8FF7-15AB9ED35981}.Debug|Any CPU.Build.0 = Debug|Any CPU
		{C827C3BB-D3BD-49C4-8FF7-15AB9ED35981}.Debug|x64.ActiveCfg = Debug|Any CPU
		{C827C3BB-D3BD-49C4-8FF7-15AB9ED35981}.Debug|x64.Build.0 = Debug|Any CPU
		{C827C3BB-D3BD-49C4-8FF7-15AB9ED35981}.Debug|x86.ActiveCfg = Debug|Any CPU
		{C827C3BB-D3BD-49C4-8FF7-15AB9ED35981}.Debug|x86.Build.0 = Debug|Any CPU
		{C827C3BB-D3BD-49C4-8FF7-15AB9ED35981}.Release|Any CPU.ActiveCfg = Release|Any CPU
		{C827C3BB-D3BD-49C4-8FF7-15AB9ED35981}.Release|Any CPU.Build.0 = Release|Any CPU
		{C827C3BB-D3BD-49C4-8FF7-15AB9ED35981}.Release|x64.ActiveCfg = Release|Any CPU
		{C827C3BB-D3BD-49C4-8FF7-15AB9ED35981}.Release|x64.Build.0 = Release|Any CPU
		{C827C3BB-D3BD-49C4-8FF7-15AB9ED35981}.Release|x86.ActiveCfg = Release|Any CPU
		{C827C3BB-D3BD-49C4-8FF7-15AB9ED35981}.Release|x86.Build.0 = Release|Any CPU
		{6CAFC0C6-A428-4D30-A9F9-700E829FEA51}.Debug|Any CPU.ActiveCfg = Debug|Any CPU
		{6CAFC0C6-A428-4D30-A9F9-700E829FEA51}.Debug|Any CPU.Build.0 = Debug|Any CPU
		{6CAFC0C6-A428-4D30-A9F9-700E829FEA51}.Debug|x64.ActiveCfg = Debug|Any CPU
		{6CAFC0C6-A428-4D30-A9F9-700E829FEA51}.Debug|x64.Build.0 = Debug|Any CPU
		{6CAFC0C6-A428-4D30-A9F9-700E829FEA51}.Debug|x86.ActiveCfg = Debug|Any CPU
		{6CAFC0C6-A428-4D30-A9F9-700E829FEA51}.Debug|x86.Build.0 = Debug|Any CPU
		{6CAFC0C6-A428-4D30-A9F9-700E829FEA51}.Release|Any CPU.ActiveCfg = Release|Any CPU
		{6CAFC0C6-A428-4D30-A9F9-700E829FEA51}.Release|Any CPU.Build.0 = Release|Any CPU
		{6CAFC0C6-A428-4D30-A9F9-700E829FEA51}.Release|x64.ActiveCfg = Release|Any CPU
		{6CAFC0C6-A428-4D30-A9F9-700E829FEA51}.Release|x64.Build.0 = Release|Any CPU
		{6CAFC0C6-A428-4D30-A9F9-700E829FEA51}.Release|x86.ActiveCfg = Release|Any CPU
		{6CAFC0C6-A428-4D30-A9F9-700E829FEA51}.Release|x86.Build.0 = Release|Any CPU
	EndGlobalSection
	GlobalSection(SolutionProperties) = preSolution
		HideSolutionNode = FALSE
	EndGlobalSection
EndGlobal
